
Microsoft Visual Studio Solution File, Format Version 12.00
# Visual Studio Version 17
VisualStudioVersion = 17.9.34701.34
MinimumVisualStudioVersion = 10.0.40219.1
Project("{FAE04EC0-301F-11D3-BF4B-00C04F79EFBC}") = "CryptoInfo", "CryptoInfo.csproj", "{7F49850B-2DBD-442E-9DE8-F4A4D7DDDA70}"
EndProject
Global
	GlobalSection(SolutionConfigurationPlatforms) = preSolution
		Debug|Any CPU = Debug|Any CPU
		Release|Any CPU = Release|Any CPU
	EndGlobalSection
	GlobalSection(ProjectConfigurationPlatforms) = postSolution
		{7F49850B-2DBD-442E-9DE8-F4A4D7DDDA70}.Debug|Any CPU.ActiveCfg = Debug|Any CPU
		{7F49850B-2DBD-442E-9DE8-F4A4D7DDDA70}.Debug|Any CPU.Build.0 = Debug|Any CPU
		{7F49850B-2DBD-442E-9DE8-F4A4D7DDDA70}.Release|Any CPU.ActiveCfg = Release|Any CPU
		{7F49850B-2DBD-442E-9DE8-F4A4D7DDDA70}.Release|Any CPU.Build.0 = Release|Any CPU
	EndGlobalSection
	GlobalSection(SolutionProperties) = preSolution
		HideSolutionNode = FALSE
	EndGlobalSection
	GlobalSection(ExtensibilityGlobals) = postSolution
		SolutionGuid = {FF8BC0F7-E32C-4CAA-B23F-F954B1A0FAFD}
	EndGlobalSection
EndGlobal
